
Microsoft Visual Studio Solution File, Format Version 12.00
# Visual Studio Version 16
VisualStudioVersion = 16.0.29009.5
MinimumVisualStudioVersion = 10.0.40219.1
Project("{9A19103F-16F7-4668-BE54-9A1E7A4F7556}") = "Quze.API", "Quze.API\Quze.API.csproj", "{1A525C5A-9755-42E5-83DD-EF8A46D696BE}"
EndProject
Project("{9A19103F-16F7-4668-BE54-9A1E7A4F7556}") = "Quze.Infrastruture", "Quze.Infrastruture\Quze.Infrastruture.csproj", "{BB1C18C4-9515-4E3A-9AD3-BC3452B49250}"
EndProject
Project("{2150E333-8FDC-42A3-9474-1A3956D46DE8}") = "Tests", "Tests", "{FC14F117-BC25-498B-97DF-6F78EEEC59C4}"
EndProject
Project("{9A19103F-16F7-4668-BE54-9A1E7A4F7556}") = "Quze.Models", "Quze.Models\Quze.Models.csproj", "{D3B8BF50-1142-424D-A7D3-555A94C246D8}"
EndProject
Project("{9A19103F-16F7-4668-BE54-9A1E7A4F7556}") = "Quze.DAL", "Quze.DAL\Quze.DAL.csproj", "{4AFD79B0-23CB-4D38-A98A-62E34B4FA86E}"
EndProject
Project("{9A19103F-16F7-4668-BE54-9A1E7A4F7556}") = "Quze.Organization.Web", "Quze.Organization.Web\Quze.Organization.Web.csproj", "{C46B0BBF-6DF6-46E2-AEEC-7C19F333704F}"
EndProject
Project("{9A19103F-16F7-4668-BE54-9A1E7A4F7556}") = "Quze.Website", "Quze.Website\Quze.Website.csproj", "{1235B480-29F8-4753-8E39-640967D1F769}"
EndProject
Project("{2150E333-8FDC-42A3-9474-1A3956D46DE8}") = "Sandbox", "Sandbox", "{42538D5A-0E92-4CFB-8525-352325F698E2}"
EndProject
Project("{2150E333-8FDC-42A3-9474-1A3956D46DE8}") = "Alerts", "Alerts", "{AEAA7FD5-CBA7-4B64-A4A9-11ABD5A809DC}"
EndProject
Project("{9A19103F-16F7-4668-BE54-9A1E7A4F7556}") = "Quze.CreateAlerts", "Alerts\CreateAlert\Quze.CreateAlerts.csproj", "{2FE24974-4BD4-47CF-893A-0A798D4A52F2}"
EndProject
Project("{9A19103F-16F7-4668-BE54-9A1E7A4F7556}") = "Quze.CreateAlertsService", "Alerts\CreateAlertsService\Quze.CreateAlertsService.csproj", "{22AFD33A-F918-44E6-ACCF-5BB8D8A17CFA}"
EndProject
Project("{9A19103F-16F7-4668-BE54-9A1E7A4F7556}") = "Quze.SendAlerts", "Alerts\Quze.SendAlerts\Quze.SendAlerts.csproj", "{C0D34A32-89B3-48A0-92B1-7FFA39942421}"
EndProject
Project("{9A19103F-16F7-4668-BE54-9A1E7A4F7556}") = "Quze.SendAlertsService", "Alerts\Quze.SendAlertsService\Quze.SendAlertsService.csproj", "{D7F52428-1143-4B7E-A2C0-EDA3428A6FA7}"
EndProject
Project("{9A19103F-16F7-4668-BE54-9A1E7A4F7556}") = "CreateAlerts.Test", "Tests\CreateAlert.Tests\CreateAlerts.Test.csproj", "{D6632387-777F-4FC4-AD81-02A34363506D}"
EndProject
Project("{9A19103F-16F7-4668-BE54-9A1E7A4F7556}") = "createAlertsService.Tests", "Tests\CreateAlertsService.Tests\createAlertsService.Tests.csproj", "{9F6293CD-1731-4C92-AA96-75E6F23E0E13}"
EndProject
Project("{9A19103F-16F7-4668-BE54-9A1E7A4F7556}") = "SendAlerts.Tests", "Tests\SendAlerts.Tests\SendAlerts.Tests.csproj", "{A2FF34B9-E14A-4237-AEAC-24F08C255E5D}"
EndProject
Project("{9A19103F-16F7-4668-BE54-9A1E7A4F7556}") = "MohExperty", "Sandbox\MohExperties\MohExperty.csproj", "{E62AAA6C-21C7-4447-88AC-4ABB2392E3C0}"
EndProject
Project("{9A19103F-16F7-4668-BE54-9A1E7A4F7556}") = "MohProviders", "Sandbox\MohProviders\MohProviders.csproj", "{44EF8020-A66D-49C6-BFC9-3AF1F3F91A3C}"
EndProject
Project("{9A19103F-16F7-4668-BE54-9A1E7A4F7556}") = "CopyMohOrganizations", "Sandbox\CopyMohOrganizations\CopyMohOrganizations.csproj", "{AC6DB8B3-7770-4157-B3E1-AA2BEE5D7E2A}"
EndProject
Project("{888888A0-9F3D-457C-B088-3A5042F75D52}") = "Flask-ML", "Flask-ML\Flask-ML.pyproj", "{8043D7E2-4D8A-4CC4-968D-6CAE8C697DE0}"
EndProject
Project("{9A19103F-16F7-4668-BE54-9A1E7A4F7556}") = "SendingDataToDB", "SendingFilesToDB\SendingDataToDB.csproj", "{CE2B82D7-193E-482F-BDB6-965B102B9E5C}"
EndProject
Project("{9A19103F-16F7-4668-BE54-9A1E7A4F7556}") = "MohServiceType", "Sandbox\MohServiceType\MohServiceType.csproj", "{DB9AD210-51C1-4339-8B10-EEE456965AB3}"
EndProject
Project("{9A19103F-16F7-4668-BE54-9A1E7A4F7556}") = "Quze.BL", "Quze.BL\Quze.BL.csproj", "{DB482FB7-5052-4697-B7C8-9FDD610B7677}"
EndProject
Project("{9A19103F-16F7-4668-BE54-9A1E7A4F7556}") = "BLTests", "BLTests\BLTests.csproj", "{FCDF70C5-D26A-49BE-AAFF-D7D88766A085}"
EndProject
Project("{9A19103F-16F7-4668-BE54-9A1E7A4F7556}") = "QNomyClient", "QNomyClient\QNomyClient.csproj", "{48A6DB19-AD93-49EC-AF5C-2AFDBC919EBC}"
EndProject
Project("{9A19103F-16F7-4668-BE54-9A1E7A4F7556}") = "QFlowBatch", "QFlowBatch\QFlowBatch.csproj", "{2FB766B2-69CE-4784-BE33-38D3398EADFF}"
EndProject
Project("{2150E333-8FDC-42A3-9474-1A3956D46DE8}") = "OR", "OR", "{674A5847-FAA2-4D2C-A516-B548395D8B81}"
EndProject
Project("{9A19103F-16F7-4668-BE54-9A1E7A4F7556}") = "Quze.OR", "OR\Quze.OR\Quze.OR.csproj", "{5F5DC510-81C3-482D-95B5-FCDE8947AC43}"
EndProject
Project("{FAE04EC0-301F-11D3-BF4B-00C04F79EFBC}") = "Quze.OR.UI.WinForms", "OR\Quze.OR.UI.WinForms\Quze.OR.UI.WinForms.csproj", "{510869AF-D160-4561-98FD-FC2BE69FDF40}"
EndProject
Project("{2150E333-8FDC-42A3-9474-1A3956D46DE8}") = "SQL", "SQL", "{9B600327-EDD6-49C8-B87B-F07AFD1C8060}"
	ProjectSection(SolutionItems) = preProject
		Version 10.0.1.sql = Version 10.0.1.sql
	EndProjectSection
EndProject
Global
	GlobalSection(SolutionConfigurationPlatforms) = preSolution
		Debug|Any CPU = Debug|Any CPU
		Debug|ARM = Debug|ARM
		Debug|x64 = Debug|x64
		Debug|x86 = Debug|x86
		Release|Any CPU = Release|Any CPU
		Release|ARM = Release|ARM
		Release|x64 = Release|x64
		Release|x86 = Release|x86
	EndGlobalSection
	GlobalSection(ProjectConfigurationPlatforms) = postSolution
		{1A525C5A-9755-42E5-83DD-EF8A46D696BE}.Debug|Any CPU.ActiveCfg = Debug|Any CPU
		{1A525C5A-9755-42E5-83DD-EF8A46D696BE}.Debug|Any CPU.Build.0 = Debug|Any CPU
		{1A525C5A-9755-42E5-83DD-EF8A46D696BE}.Debug|ARM.ActiveCfg = Debug|Any CPU
		{1A525C5A-9755-42E5-83DD-EF8A46D696BE}.Debug|ARM.Build.0 = Debug|Any CPU
		{1A525C5A-9755-42E5-83DD-EF8A46D696BE}.Debug|x64.ActiveCfg = Debug|Any CPU
		{1A525C5A-9755-42E5-83DD-EF8A46D696BE}.Debug|x64.Build.0 = Debug|Any CPU
		{1A525C5A-9755-42E5-83DD-EF8A46D696BE}.Debug|x86.ActiveCfg = Debug|Any CPU
		{1A525C5A-9755-42E5-83DD-EF8A46D696BE}.Debug|x86.Build.0 = Debug|Any CPU
		{1A525C5A-9755-42E5-83DD-EF8A46D696BE}.Release|Any CPU.ActiveCfg = Release|Any CPU
		{1A525C5A-9755-42E5-83DD-EF8A46D696BE}.Release|Any CPU.Build.0 = Release|Any CPU
		{1A525C5A-9755-42E5-83DD-EF8A46D696BE}.Release|ARM.ActiveCfg = Release|Any CPU
		{1A525C5A-9755-42E5-83DD-EF8A46D696BE}.Release|ARM.Build.0 = Release|Any CPU
		{1A525C5A-9755-42E5-83DD-EF8A46D696BE}.Release|x64.ActiveCfg = Release|Any CPU
		{1A525C5A-9755-42E5-83DD-EF8A46D696BE}.Release|x64.Build.0 = Release|Any CPU
		{1A525C5A-9755-42E5-83DD-EF8A46D696BE}.Release|x86.ActiveCfg = Release|Any CPU
		{1A525C5A-9755-42E5-83DD-EF8A46D696BE}.Release|x86.Build.0 = Release|Any CPU
		{BB1C18C4-9515-4E3A-9AD3-BC3452B49250}.Debug|Any CPU.ActiveCfg = Debug|Any CPU
		{BB1C18C4-9515-4E3A-9AD3-BC3452B49250}.Debug|Any CPU.Build.0 = Debug|Any CPU
		{BB1C18C4-9515-4E3A-9AD3-BC3452B49250}.Debug|ARM.ActiveCfg = Debug|Any CPU
		{BB1C18C4-9515-4E3A-9AD3-BC3452B49250}.Debug|ARM.Build.0 = Debug|Any CPU
		{BB1C18C4-9515-4E3A-9AD3-BC3452B49250}.Debug|x64.ActiveCfg = Debug|Any CPU
		{BB1C18C4-9515-4E3A-9AD3-BC3452B49250}.Debug|x64.Build.0 = Debug|Any CPU
		{BB1C18C4-9515-4E3A-9AD3-BC3452B49250}.Debug|x86.ActiveCfg = Debug|Any CPU
		{BB1C18C4-9515-4E3A-9AD3-BC3452B49250}.Debug|x86.Build.0 = Debug|Any CPU
		{BB1C18C4-9515-4E3A-9AD3-BC3452B49250}.Release|Any CPU.ActiveCfg = Release|Any CPU
		{BB1C18C4-9515-4E3A-9AD3-BC3452B49250}.Release|Any CPU.Build.0 = Release|Any CPU
		{BB1C18C4-9515-4E3A-9AD3-BC3452B49250}.Release|ARM.ActiveCfg = Release|Any CPU
		{BB1C18C4-9515-4E3A-9AD3-BC3452B49250}.Release|ARM.Build.0 = Release|Any CPU
		{BB1C18C4-9515-4E3A-9AD3-BC3452B49250}.Release|x64.ActiveCfg = Release|Any CPU
		{BB1C18C4-9515-4E3A-9AD3-BC3452B49250}.Release|x64.Build.0 = Release|Any CPU
		{BB1C18C4-9515-4E3A-9AD3-BC3452B49250}.Release|x86.ActiveCfg = Release|Any CPU
		{BB1C18C4-9515-4E3A-9AD3-BC3452B49250}.Release|x86.Build.0 = Release|Any CPU
		{D3B8BF50-1142-424D-A7D3-555A94C246D8}.Debug|Any CPU.ActiveCfg = Debug|Any CPU
		{D3B8BF50-1142-424D-A7D3-555A94C246D8}.Debug|Any CPU.Build.0 = Debug|Any CPU
		{D3B8BF50-1142-424D-A7D3-555A94C246D8}.Debug|ARM.ActiveCfg = Debug|Any CPU
		{D3B8BF50-1142-424D-A7D3-555A94C246D8}.Debug|ARM.Build.0 = Debug|Any CPU
		{D3B8BF50-1142-424D-A7D3-555A94C246D8}.Debug|x64.ActiveCfg = Debug|Any CPU
		{D3B8BF50-1142-424D-A7D3-555A94C246D8}.Debug|x64.Build.0 = Debug|Any CPU
		{D3B8BF50-1142-424D-A7D3-555A94C246D8}.Debug|x86.ActiveCfg = Debug|Any CPU
		{D3B8BF50-1142-424D-A7D3-555A94C246D8}.Debug|x86.Build.0 = Debug|Any CPU
		{D3B8BF50-1142-424D-A7D3-555A94C246D8}.Release|Any CPU.ActiveCfg = Release|Any CPU
		{D3B8BF50-1142-424D-A7D3-555A94C246D8}.Release|Any CPU.Build.0 = Release|Any CPU
		{D3B8BF50-1142-424D-A7D3-555A94C246D8}.Release|ARM.ActiveCfg = Release|Any CPU
		{D3B8BF50-1142-424D-A7D3-555A94C246D8}.Release|ARM.Build.0 = Release|Any CPU
		{D3B8BF50-1142-424D-A7D3-555A94C246D8}.Release|x64.ActiveCfg = Release|Any CPU
		{D3B8BF50-1142-424D-A7D3-555A94C246D8}.Release|x64.Build.0 = Release|Any CPU
		{D3B8BF50-1142-424D-A7D3-555A94C246D8}.Release|x86.ActiveCfg = Release|Any CPU
		{D3B8BF50-1142-424D-A7D3-555A94C246D8}.Release|x86.Build.0 = Release|Any CPU
		{4AFD79B0-23CB-4D38-A98A-62E34B4FA86E}.Debug|Any CPU.ActiveCfg = Debug|Any CPU
		{4AFD79B0-23CB-4D38-A98A-62E34B4FA86E}.Debug|Any CPU.Build.0 = Debug|Any CPU
		{4AFD79B0-23CB-4D38-A98A-62E34B4FA86E}.Debug|ARM.ActiveCfg = Debug|Any CPU
		{4AFD79B0-23CB-4D38-A98A-62E34B4FA86E}.Debug|ARM.Build.0 = Debug|Any CPU
		{4AFD79B0-23CB-4D38-A98A-62E34B4FA86E}.Debug|x64.ActiveCfg = Debug|Any CPU
		{4AFD79B0-23CB-4D38-A98A-62E34B4FA86E}.Debug|x64.Build.0 = Debug|Any CPU
		{4AFD79B0-23CB-4D38-A98A-62E34B4FA86E}.Debug|x86.ActiveCfg = Debug|Any CPU
		{4AFD79B0-23CB-4D38-A98A-62E34B4FA86E}.Debug|x86.Build.0 = Debug|Any CPU
		{4AFD79B0-23CB-4D38-A98A-62E34B4FA86E}.Release|Any CPU.ActiveCfg = Release|Any CPU
		{4AFD79B0-23CB-4D38-A98A-62E34B4FA86E}.Release|Any CPU.Build.0 = Release|Any CPU
		{4AFD79B0-23CB-4D38-A98A-62E34B4FA86E}.Release|ARM.ActiveCfg = Release|Any CPU
		{4AFD79B0-23CB-4D38-A98A-62E34B4FA86E}.Release|ARM.Build.0 = Release|Any CPU
		{4AFD79B0-23CB-4D38-A98A-62E34B4FA86E}.Release|x64.ActiveCfg = Release|Any CPU
		{4AFD79B0-23CB-4D38-A98A-62E34B4FA86E}.Release|x64.Build.0 = Release|Any CPU
		{4AFD79B0-23CB-4D38-A98A-62E34B4FA86E}.Release|x86.ActiveCfg = Release|Any CPU
		{4AFD79B0-23CB-4D38-A98A-62E34B4FA86E}.Release|x86.Build.0 = Release|Any CPU
		{C46B0BBF-6DF6-46E2-AEEC-7C19F333704F}.Debug|Any CPU.ActiveCfg = Debug|Any CPU
		{C46B0BBF-6DF6-46E2-AEEC-7C19F333704F}.Debug|Any CPU.Build.0 = Debug|Any CPU
		{C46B0BBF-6DF6-46E2-AEEC-7C19F333704F}.Debug|ARM.ActiveCfg = Debug|Any CPU
		{C46B0BBF-6DF6-46E2-AEEC-7C19F333704F}.Debug|ARM.Build.0 = Debug|Any CPU
		{C46B0BBF-6DF6-46E2-AEEC-7C19F333704F}.Debug|x64.ActiveCfg = Debug|Any CPU
		{C46B0BBF-6DF6-46E2-AEEC-7C19F333704F}.Debug|x64.Build.0 = Debug|Any CPU
		{C46B0BBF-6DF6-46E2-AEEC-7C19F333704F}.Debug|x86.ActiveCfg = Debug|Any CPU
		{C46B0BBF-6DF6-46E2-AEEC-7C19F333704F}.Debug|x86.Build.0 = Debug|Any CPU
		{C46B0BBF-6DF6-46E2-AEEC-7C19F333704F}.Release|Any CPU.ActiveCfg = Release|Any CPU
		{C46B0BBF-6DF6-46E2-AEEC-7C19F333704F}.Release|Any CPU.Build.0 = Release|Any CPU
		{C46B0BBF-6DF6-46E2-AEEC-7C19F333704F}.Release|ARM.ActiveCfg = Release|Any CPU
		{C46B0BBF-6DF6-46E2-AEEC-7C19F333704F}.Release|ARM.Build.0 = Release|Any CPU
		{C46B0BBF-6DF6-46E2-AEEC-7C19F333704F}.Release|x64.ActiveCfg = Release|Any CPU
		{C46B0BBF-6DF6-46E2-AEEC-7C19F333704F}.Release|x64.Build.0 = Release|Any CPU
		{C46B0BBF-6DF6-46E2-AEEC-7C19F333704F}.Release|x86.ActiveCfg = Release|Any CPU
		{C46B0BBF-6DF6-46E2-AEEC-7C19F333704F}.Release|x86.Build.0 = Release|Any CPU
		{1235B480-29F8-4753-8E39-640967D1F769}.Debug|Any CPU.ActiveCfg = Debug|Any CPU
		{1235B480-29F8-4753-8E39-640967D1F769}.Debug|Any CPU.Build.0 = Debug|Any CPU
		{1235B480-29F8-4753-8E39-640967D1F769}.Debug|ARM.ActiveCfg = Debug|Any CPU
		{1235B480-29F8-4753-8E39-640967D1F769}.Debug|ARM.Build.0 = Debug|Any CPU
		{1235B480-29F8-4753-8E39-640967D1F769}.Debug|x64.ActiveCfg = Debug|Any CPU
		{1235B480-29F8-4753-8E39-640967D1F769}.Debug|x64.Build.0 = Debug|Any CPU
		{1235B480-29F8-4753-8E39-640967D1F769}.Debug|x86.ActiveCfg = Debug|Any CPU
		{1235B480-29F8-4753-8E39-640967D1F769}.Debug|x86.Build.0 = Debug|Any CPU
		{1235B480-29F8-4753-8E39-640967D1F769}.Release|Any CPU.ActiveCfg = Release|Any CPU
		{1235B480-29F8-4753-8E39-640967D1F769}.Release|Any CPU.Build.0 = Release|Any CPU
		{1235B480-29F8-4753-8E39-640967D1F769}.Release|ARM.ActiveCfg = Release|Any CPU
		{1235B480-29F8-4753-8E39-640967D1F769}.Release|ARM.Build.0 = Release|Any CPU
		{1235B480-29F8-4753-8E39-640967D1F769}.Release|x64.ActiveCfg = Release|Any CPU
		{1235B480-29F8-4753-8E39-640967D1F769}.Release|x64.Build.0 = Release|Any CPU
		{1235B480-29F8-4753-8E39-640967D1F769}.Release|x86.ActiveCfg = Release|Any CPU
		{1235B480-29F8-4753-8E39-640967D1F769}.Release|x86.Build.0 = Release|Any CPU
		{2FE24974-4BD4-47CF-893A-0A798D4A52F2}.Debug|Any CPU.ActiveCfg = Debug|Any CPU
		{2FE24974-4BD4-47CF-893A-0A798D4A52F2}.Debug|Any CPU.Build.0 = Debug|Any CPU
		{2FE24974-4BD4-47CF-893A-0A798D4A52F2}.Debug|ARM.ActiveCfg = Debug|Any CPU
		{2FE24974-4BD4-47CF-893A-0A798D4A52F2}.Debug|ARM.Build.0 = Debug|Any CPU
		{2FE24974-4BD4-47CF-893A-0A798D4A52F2}.Debug|x64.ActiveCfg = Debug|Any CPU
		{2FE24974-4BD4-47CF-893A-0A798D4A52F2}.Debug|x64.Build.0 = Debug|Any CPU
		{2FE24974-4BD4-47CF-893A-0A798D4A52F2}.Debug|x86.ActiveCfg = Debug|Any CPU
		{2FE24974-4BD4-47CF-893A-0A798D4A52F2}.Debug|x86.Build.0 = Debug|Any CPU
		{2FE24974-4BD4-47CF-893A-0A798D4A52F2}.Release|Any CPU.ActiveCfg = Release|Any CPU
		{2FE24974-4BD4-47CF-893A-0A798D4A52F2}.Release|Any CPU.Build.0 = Release|Any CPU
		{2FE24974-4BD4-47CF-893A-0A798D4A52F2}.Release|ARM.ActiveCfg = Release|Any CPU
		{2FE24974-4BD4-47CF-893A-0A798D4A52F2}.Release|ARM.Build.0 = Release|Any CPU
		{2FE24974-4BD4-47CF-893A-0A798D4A52F2}.Release|x64.ActiveCfg = Release|Any CPU
		{2FE24974-4BD4-47CF-893A-0A798D4A52F2}.Release|x64.Build.0 = Release|Any CPU
		{2FE24974-4BD4-47CF-893A-0A798D4A52F2}.Release|x86.ActiveCfg = Release|Any CPU
		{2FE24974-4BD4-47CF-893A-0A798D4A52F2}.Release|x86.Build.0 = Release|Any CPU
		{22AFD33A-F918-44E6-ACCF-5BB8D8A17CFA}.Debug|Any CPU.ActiveCfg = Debug|Any CPU
		{22AFD33A-F918-44E6-ACCF-5BB8D8A17CFA}.Debug|Any CPU.Build.0 = Debug|Any CPU
		{22AFD33A-F918-44E6-ACCF-5BB8D8A17CFA}.Debug|ARM.ActiveCfg = Debug|Any CPU
		{22AFD33A-F918-44E6-ACCF-5BB8D8A17CFA}.Debug|ARM.Build.0 = Debug|Any CPU
		{22AFD33A-F918-44E6-ACCF-5BB8D8A17CFA}.Debug|x64.ActiveCfg = Debug|Any CPU
		{22AFD33A-F918-44E6-ACCF-5BB8D8A17CFA}.Debug|x64.Build.0 = Debug|Any CPU
		{22AFD33A-F918-44E6-ACCF-5BB8D8A17CFA}.Debug|x86.ActiveCfg = Debug|Any CPU
		{22AFD33A-F918-44E6-ACCF-5BB8D8A17CFA}.Debug|x86.Build.0 = Debug|Any CPU
		{22AFD33A-F918-44E6-ACCF-5BB8D8A17CFA}.Release|Any CPU.ActiveCfg = Release|Any CPU
		{22AFD33A-F918-44E6-ACCF-5BB8D8A17CFA}.Release|Any CPU.Build.0 = Release|Any CPU
		{22AFD33A-F918-44E6-ACCF-5BB8D8A17CFA}.Release|ARM.ActiveCfg = Release|Any CPU
		{22AFD33A-F918-44E6-ACCF-5BB8D8A17CFA}.Release|ARM.Build.0 = Release|Any CPU
		{22AFD33A-F918-44E6-ACCF-5BB8D8A17CFA}.Release|x64.ActiveCfg = Release|Any CPU
		{22AFD33A-F918-44E6-ACCF-5BB8D8A17CFA}.Release|x64.Build.0 = Release|Any CPU
		{22AFD33A-F918-44E6-ACCF-5BB8D8A17CFA}.Release|x86.ActiveCfg = Release|Any CPU
		{22AFD33A-F918-44E6-ACCF-5BB8D8A17CFA}.Release|x86.Build.0 = Release|Any CPU
		{C0D34A32-89B3-48A0-92B1-7FFA39942421}.Debug|Any CPU.ActiveCfg = Debug|Any CPU
		{C0D34A32-89B3-48A0-92B1-7FFA39942421}.Debug|Any CPU.Build.0 = Debug|Any CPU
		{C0D34A32-89B3-48A0-92B1-7FFA39942421}.Debug|ARM.ActiveCfg = Debug|Any CPU
		{C0D34A32-89B3-48A0-92B1-7FFA39942421}.Debug|ARM.Build.0 = Debug|Any CPU
		{C0D34A32-89B3-48A0-92B1-7FFA39942421}.Debug|x64.ActiveCfg = Debug|Any CPU
		{C0D34A32-89B3-48A0-92B1-7FFA39942421}.Debug|x64.Build.0 = Debug|Any CPU
		{C0D34A32-89B3-48A0-92B1-7FFA39942421}.Debug|x86.ActiveCfg = Debug|Any CPU
		{C0D34A32-89B3-48A0-92B1-7FFA39942421}.Debug|x86.Build.0 = Debug|Any CPU
		{C0D34A32-89B3-48A0-92B1-7FFA39942421}.Release|Any CPU.ActiveCfg = Release|Any CPU
		{C0D34A32-89B3-48A0-92B1-7FFA39942421}.Release|Any CPU.Build.0 = Release|Any CPU
		{C0D34A32-89B3-48A0-92B1-7FFA39942421}.Release|ARM.ActiveCfg = Release|Any CPU
		{C0D34A32-89B3-48A0-92B1-7FFA39942421}.Release|ARM.Build.0 = Release|Any CPU
		{C0D34A32-89B3-48A0-92B1-7FFA39942421}.Release|x64.ActiveCfg = Release|Any CPU
		{C0D34A32-89B3-48A0-92B1-7FFA39942421}.Release|x64.Build.0 = Release|Any CPU
		{C0D34A32-89B3-48A0-92B1-7FFA39942421}.Release|x86.ActiveCfg = Release|Any CPU
		{C0D34A32-89B3-48A0-92B1-7FFA39942421}.Release|x86.Build.0 = Release|Any CPU
		{D7F52428-1143-4B7E-A2C0-EDA3428A6FA7}.Debug|Any CPU.ActiveCfg = Debug|Any CPU
		{D7F52428-1143-4B7E-A2C0-EDA3428A6FA7}.Debug|Any CPU.Build.0 = Debug|Any CPU
		{D7F52428-1143-4B7E-A2C0-EDA3428A6FA7}.Debug|ARM.ActiveCfg = Debug|Any CPU
		{D7F52428-1143-4B7E-A2C0-EDA3428A6FA7}.Debug|ARM.Build.0 = Debug|Any CPU
		{D7F52428-1143-4B7E-A2C0-EDA3428A6FA7}.Debug|x64.ActiveCfg = Debug|Any CPU
		{D7F52428-1143-4B7E-A2C0-EDA3428A6FA7}.Debug|x64.Build.0 = Debug|Any CPU
		{D7F52428-1143-4B7E-A2C0-EDA3428A6FA7}.Debug|x86.ActiveCfg = Debug|Any CPU
		{D7F52428-1143-4B7E-A2C0-EDA3428A6FA7}.Debug|x86.Build.0 = Debug|Any CPU
		{D7F52428-1143-4B7E-A2C0-EDA3428A6FA7}.Release|Any CPU.ActiveCfg = Release|Any CPU
		{D7F52428-1143-4B7E-A2C0-EDA3428A6FA7}.Release|Any CPU.Build.0 = Release|Any CPU
		{D7F52428-1143-4B7E-A2C0-EDA3428A6FA7}.Release|ARM.ActiveCfg = Release|Any CPU
		{D7F52428-1143-4B7E-A2C0-EDA3428A6FA7}.Release|ARM.Build.0 = Release|Any CPU
		{D7F52428-1143-4B7E-A2C0-EDA3428A6FA7}.Release|x64.ActiveCfg = Release|Any CPU
		{D7F52428-1143-4B7E-A2C0-EDA3428A6FA7}.Release|x64.Build.0 = Release|Any CPU
		{D7F52428-1143-4B7E-A2C0-EDA3428A6FA7}.Release|x86.ActiveCfg = Release|Any CPU
		{D7F52428-1143-4B7E-A2C0-EDA3428A6FA7}.Release|x86.Build.0 = Release|Any CPU
		{D6632387-777F-4FC4-AD81-02A34363506D}.Debug|Any CPU.ActiveCfg = Debug|Any CPU
		{D6632387-777F-4FC4-AD81-02A34363506D}.Debug|Any CPU.Build.0 = Debug|Any CPU
		{D6632387-777F-4FC4-AD81-02A34363506D}.Debug|ARM.ActiveCfg = Debug|Any CPU
		{D6632387-777F-4FC4-AD81-02A34363506D}.Debug|ARM.Build.0 = Debug|Any CPU
		{D6632387-777F-4FC4-AD81-02A34363506D}.Debug|x64.ActiveCfg = Debug|Any CPU
		{D6632387-777F-4FC4-AD81-02A34363506D}.Debug|x64.Build.0 = Debug|Any CPU
		{D6632387-777F-4FC4-AD81-02A34363506D}.Debug|x86.ActiveCfg = Debug|Any CPU
		{D6632387-777F-4FC4-AD81-02A34363506D}.Debug|x86.Build.0 = Debug|Any CPU
		{D6632387-777F-4FC4-AD81-02A34363506D}.Release|Any CPU.ActiveCfg = Release|Any CPU
		{D6632387-777F-4FC4-AD81-02A34363506D}.Release|Any CPU.Build.0 = Release|Any CPU
		{D6632387-777F-4FC4-AD81-02A34363506D}.Release|ARM.ActiveCfg = Release|Any CPU
		{D6632387-777F-4FC4-AD81-02A34363506D}.Release|ARM.Build.0 = Release|Any CPU
		{D6632387-777F-4FC4-AD81-02A34363506D}.Release|x64.ActiveCfg = Release|Any CPU
		{D6632387-777F-4FC4-AD81-02A34363506D}.Release|x64.Build.0 = Release|Any CPU
		{D6632387-777F-4FC4-AD81-02A34363506D}.Release|x86.ActiveCfg = Release|Any CPU
		{D6632387-777F-4FC4-AD81-02A34363506D}.Release|x86.Build.0 = Release|Any CPU
		{9F6293CD-1731-4C92-AA96-75E6F23E0E13}.Debug|Any CPU.ActiveCfg = Debug|Any CPU
		{9F6293CD-1731-4C92-AA96-75E6F23E0E13}.Debug|Any CPU.Build.0 = Debug|Any CPU
		{9F6293CD-1731-4C92-AA96-75E6F23E0E13}.Debug|ARM.ActiveCfg = Debug|Any CPU
		{9F6293CD-1731-4C92-AA96-75E6F23E0E13}.Debug|ARM.Build.0 = Debug|Any CPU
		{9F6293CD-1731-4C92-AA96-75E6F23E0E13}.Debug|x64.ActiveCfg = Debug|Any CPU
		{9F6293CD-1731-4C92-AA96-75E6F23E0E13}.Debug|x64.Build.0 = Debug|Any CPU
		{9F6293CD-1731-4C92-AA96-75E6F23E0E13}.Debug|x86.ActiveCfg = Debug|Any CPU
		{9F6293CD-1731-4C92-AA96-75E6F23E0E13}.Debug|x86.Build.0 = Debug|Any CPU
		{9F6293CD-1731-4C92-AA96-75E6F23E0E13}.Release|Any CPU.ActiveCfg = Release|Any CPU
		{9F6293CD-1731-4C92-AA96-75E6F23E0E13}.Release|Any CPU.Build.0 = Release|Any CPU
		{9F6293CD-1731-4C92-AA96-75E6F23E0E13}.Release|ARM.ActiveCfg = Release|Any CPU
		{9F6293CD-1731-4C92-AA96-75E6F23E0E13}.Release|ARM.Build.0 = Release|Any CPU
		{9F6293CD-1731-4C92-AA96-75E6F23E0E13}.Release|x64.ActiveCfg = Release|Any CPU
		{9F6293CD-1731-4C92-AA96-75E6F23E0E13}.Release|x64.Build.0 = Release|Any CPU
		{9F6293CD-1731-4C92-AA96-75E6F23E0E13}.Release|x86.ActiveCfg = Release|Any CPU
		{9F6293CD-1731-4C92-AA96-75E6F23E0E13}.Release|x86.Build.0 = Release|Any CPU
		{A2FF34B9-E14A-4237-AEAC-24F08C255E5D}.Debug|Any CPU.ActiveCfg = Debug|Any CPU
		{A2FF34B9-E14A-4237-AEAC-24F08C255E5D}.Debug|Any CPU.Build.0 = Debug|Any CPU
		{A2FF34B9-E14A-4237-AEAC-24F08C255E5D}.Debug|ARM.ActiveCfg = Debug|Any CPU
		{A2FF34B9-E14A-4237-AEAC-24F08C255E5D}.Debug|ARM.Build.0 = Debug|Any CPU
		{A2FF34B9-E14A-4237-AEAC-24F08C255E5D}.Debug|x64.ActiveCfg = Debug|Any CPU
		{A2FF34B9-E14A-4237-AEAC-24F08C255E5D}.Debug|x64.Build.0 = Debug|Any CPU
		{A2FF34B9-E14A-4237-AEAC-24F08C255E5D}.Debug|x86.ActiveCfg = Debug|Any CPU
		{A2FF34B9-E14A-4237-AEAC-24F08C255E5D}.Debug|x86.Build.0 = Debug|Any CPU
		{A2FF34B9-E14A-4237-AEAC-24F08C255E5D}.Release|Any CPU.ActiveCfg = Release|Any CPU
		{A2FF34B9-E14A-4237-AEAC-24F08C255E5D}.Release|Any CPU.Build.0 = Release|Any CPU
		{A2FF34B9-E14A-4237-AEAC-24F08C255E5D}.Release|ARM.ActiveCfg = Release|Any CPU
		{A2FF34B9-E14A-4237-AEAC-24F08C255E5D}.Release|ARM.Build.0 = Release|Any CPU
		{A2FF34B9-E14A-4237-AEAC-24F08C255E5D}.Release|x64.ActiveCfg = Release|Any CPU
		{A2FF34B9-E14A-4237-AEAC-24F08C255E5D}.Release|x64.Build.0 = Release|Any CPU
		{A2FF34B9-E14A-4237-AEAC-24F08C255E5D}.Release|x86.ActiveCfg = Release|Any CPU
		{A2FF34B9-E14A-4237-AEAC-24F08C255E5D}.Release|x86.Build.0 = Release|Any CPU
		{E62AAA6C-21C7-4447-88AC-4ABB2392E3C0}.Debug|Any CPU.ActiveCfg = Debug|Any CPU
		{E62AAA6C-21C7-4447-88AC-4ABB2392E3C0}.Debug|Any CPU.Build.0 = Debug|Any CPU
		{E62AAA6C-21C7-4447-88AC-4ABB2392E3C0}.Debug|ARM.ActiveCfg = Debug|Any CPU
		{E62AAA6C-21C7-4447-88AC-4ABB2392E3C0}.Debug|ARM.Build.0 = Debug|Any CPU
		{E62AAA6C-21C7-4447-88AC-4ABB2392E3C0}.Debug|x64.ActiveCfg = Debug|Any CPU
		{E62AAA6C-21C7-4447-88AC-4ABB2392E3C0}.Debug|x64.Build.0 = Debug|Any CPU
		{E62AAA6C-21C7-4447-88AC-4ABB2392E3C0}.Debug|x86.ActiveCfg = Debug|Any CPU
		{E62AAA6C-21C7-4447-88AC-4ABB2392E3C0}.Debug|x86.Build.0 = Debug|Any CPU
		{E62AAA6C-21C7-4447-88AC-4ABB2392E3C0}.Release|Any CPU.ActiveCfg = Release|Any CPU
		{E62AAA6C-21C7-4447-88AC-4ABB2392E3C0}.Release|Any CPU.Build.0 = Release|Any CPU
		{E62AAA6C-21C7-4447-88AC-4ABB2392E3C0}.Release|ARM.ActiveCfg = Release|Any CPU
		{E62AAA6C-21C7-4447-88AC-4ABB2392E3C0}.Release|ARM.Build.0 = Release|Any CPU
		{E62AAA6C-21C7-4447-88AC-4ABB2392E3C0}.Release|x64.ActiveCfg = Release|Any CPU
		{E62AAA6C-21C7-4447-88AC-4ABB2392E3C0}.Release|x64.Build.0 = Release|Any CPU
		{E62AAA6C-21C7-4447-88AC-4ABB2392E3C0}.Release|x86.ActiveCfg = Release|Any CPU
		{E62AAA6C-21C7-4447-88AC-4ABB2392E3C0}.Release|x86.Build.0 = Release|Any CPU
		{44EF8020-A66D-49C6-BFC9-3AF1F3F91A3C}.Debug|Any CPU.ActiveCfg = Debug|Any CPU
		{44EF8020-A66D-49C6-BFC9-3AF1F3F91A3C}.Debug|Any CPU.Build.0 = Debug|Any CPU
		{44EF8020-A66D-49C6-BFC9-3AF1F3F91A3C}.Debug|ARM.ActiveCfg = Debug|Any CPU
		{44EF8020-A66D-49C6-BFC9-3AF1F3F91A3C}.Debug|ARM.Build.0 = Debug|Any CPU
		{44EF8020-A66D-49C6-BFC9-3AF1F3F91A3C}.Debug|x64.ActiveCfg = Debug|Any CPU
		{44EF8020-A66D-49C6-BFC9-3AF1F3F91A3C}.Debug|x64.Build.0 = Debug|Any CPU
		{44EF8020-A66D-49C6-BFC9-3AF1F3F91A3C}.Debug|x86.ActiveCfg = Debug|Any CPU
		{44EF8020-A66D-49C6-BFC9-3AF1F3F91A3C}.Debug|x86.Build.0 = Debug|Any CPU
		{44EF8020-A66D-49C6-BFC9-3AF1F3F91A3C}.Release|Any CPU.ActiveCfg = Release|Any CPU
		{44EF8020-A66D-49C6-BFC9-3AF1F3F91A3C}.Release|Any CPU.Build.0 = Release|Any CPU
		{44EF8020-A66D-49C6-BFC9-3AF1F3F91A3C}.Release|ARM.ActiveCfg = Release|Any CPU
		{44EF8020-A66D-49C6-BFC9-3AF1F3F91A3C}.Release|ARM.Build.0 = Release|Any CPU
		{44EF8020-A66D-49C6-BFC9-3AF1F3F91A3C}.Release|x64.ActiveCfg = Release|Any CPU
		{44EF8020-A66D-49C6-BFC9-3AF1F3F91A3C}.Release|x64.Build.0 = Release|Any CPU
		{44EF8020-A66D-49C6-BFC9-3AF1F3F91A3C}.Release|x86.ActiveCfg = Release|Any CPU
		{44EF8020-A66D-49C6-BFC9-3AF1F3F91A3C}.Release|x86.Build.0 = Release|Any CPU
		{AC6DB8B3-7770-4157-B3E1-AA2BEE5D7E2A}.Debug|Any CPU.ActiveCfg = Debug|Any CPU
		{AC6DB8B3-7770-4157-B3E1-AA2BEE5D7E2A}.Debug|Any CPU.Build.0 = Debug|Any CPU
		{AC6DB8B3-7770-4157-B3E1-AA2BEE5D7E2A}.Debug|ARM.ActiveCfg = Debug|Any CPU
		{AC6DB8B3-7770-4157-B3E1-AA2BEE5D7E2A}.Debug|ARM.Build.0 = Debug|Any CPU
		{AC6DB8B3-7770-4157-B3E1-AA2BEE5D7E2A}.Debug|x64.ActiveCfg = Debug|Any CPU
		{AC6DB8B3-7770-4157-B3E1-AA2BEE5D7E2A}.Debug|x64.Build.0 = Debug|Any CPU
		{AC6DB8B3-7770-4157-B3E1-AA2BEE5D7E2A}.Debug|x86.ActiveCfg = Debug|Any CPU
		{AC6DB8B3-7770-4157-B3E1-AA2BEE5D7E2A}.Debug|x86.Build.0 = Debug|Any CPU
		{AC6DB8B3-7770-4157-B3E1-AA2BEE5D7E2A}.Release|Any CPU.ActiveCfg = Release|Any CPU
		{AC6DB8B3-7770-4157-B3E1-AA2BEE5D7E2A}.Release|Any CPU.Build.0 = Release|Any CPU
		{AC6DB8B3-7770-4157-B3E1-AA2BEE5D7E2A}.Release|ARM.ActiveCfg = Release|Any CPU
		{AC6DB8B3-7770-4157-B3E1-AA2BEE5D7E2A}.Release|ARM.Build.0 = Release|Any CPU
		{AC6DB8B3-7770-4157-B3E1-AA2BEE5D7E2A}.Release|x64.ActiveCfg = Release|Any CPU
		{AC6DB8B3-7770-4157-B3E1-AA2BEE5D7E2A}.Release|x64.Build.0 = Release|Any CPU
		{AC6DB8B3-7770-4157-B3E1-AA2BEE5D7E2A}.Release|x86.ActiveCfg = Release|Any CPU
		{AC6DB8B3-7770-4157-B3E1-AA2BEE5D7E2A}.Release|x86.Build.0 = Release|Any CPU
		{8043D7E2-4D8A-4CC4-968D-6CAE8C697DE0}.Debug|Any CPU.ActiveCfg = Debug|Any CPU
		{8043D7E2-4D8A-4CC4-968D-6CAE8C697DE0}.Debug|ARM.ActiveCfg = Debug|Any CPU
		{8043D7E2-4D8A-4CC4-968D-6CAE8C697DE0}.Debug|x64.ActiveCfg = Debug|Any CPU
		{8043D7E2-4D8A-4CC4-968D-6CAE8C697DE0}.Debug|x86.ActiveCfg = Debug|Any CPU
		{8043D7E2-4D8A-4CC4-968D-6CAE8C697DE0}.Release|Any CPU.ActiveCfg = Release|Any CPU
		{8043D7E2-4D8A-4CC4-968D-6CAE8C697DE0}.Release|ARM.ActiveCfg = Release|Any CPU
		{8043D7E2-4D8A-4CC4-968D-6CAE8C697DE0}.Release|x64.ActiveCfg = Release|Any CPU
		{8043D7E2-4D8A-4CC4-968D-6CAE8C697DE0}.Release|x86.ActiveCfg = Release|Any CPU
		{CE2B82D7-193E-482F-BDB6-965B102B9E5C}.Debug|Any CPU.ActiveCfg = Debug|Any CPU
		{CE2B82D7-193E-482F-BDB6-965B102B9E5C}.Debug|Any CPU.Build.0 = Debug|Any CPU
		{CE2B82D7-193E-482F-BDB6-965B102B9E5C}.Debug|ARM.ActiveCfg = Debug|Any CPU
		{CE2B82D7-193E-482F-BDB6-965B102B9E5C}.Debug|ARM.Build.0 = Debug|Any CPU
		{CE2B82D7-193E-482F-BDB6-965B102B9E5C}.Debug|x64.ActiveCfg = Debug|Any CPU
		{CE2B82D7-193E-482F-BDB6-965B102B9E5C}.Debug|x64.Build.0 = Debug|Any CPU
		{CE2B82D7-193E-482F-BDB6-965B102B9E5C}.Debug|x86.ActiveCfg = Debug|Any CPU
		{CE2B82D7-193E-482F-BDB6-965B102B9E5C}.Debug|x86.Build.0 = Debug|Any CPU
		{CE2B82D7-193E-482F-BDB6-965B102B9E5C}.Release|Any CPU.ActiveCfg = Release|Any CPU
		{CE2B82D7-193E-482F-BDB6-965B102B9E5C}.Release|Any CPU.Build.0 = Release|Any CPU
		{CE2B82D7-193E-482F-BDB6-965B102B9E5C}.Release|ARM.ActiveCfg = Release|Any CPU
		{CE2B82D7-193E-482F-BDB6-965B102B9E5C}.Release|ARM.Build.0 = Release|Any CPU
		{CE2B82D7-193E-482F-BDB6-965B102B9E5C}.Release|x64.ActiveCfg = Release|Any CPU
		{CE2B82D7-193E-482F-BDB6-965B102B9E5C}.Release|x64.Build.0 = Release|Any CPU
		{CE2B82D7-193E-482F-BDB6-965B102B9E5C}.Release|x86.ActiveCfg = Release|Any CPU
		{CE2B82D7-193E-482F-BDB6-965B102B9E5C}.Release|x86.Build.0 = Release|Any CPU
		{DB9AD210-51C1-4339-8B10-EEE456965AB3}.Debug|Any CPU.ActiveCfg = Debug|Any CPU
		{DB9AD210-51C1-4339-8B10-EEE456965AB3}.Debug|Any CPU.Build.0 = Debug|Any CPU
		{DB9AD210-51C1-4339-8B10-EEE456965AB3}.Debug|ARM.ActiveCfg = Debug|Any CPU
		{DB9AD210-51C1-4339-8B10-EEE456965AB3}.Debug|ARM.Build.0 = Debug|Any CPU
		{DB9AD210-51C1-4339-8B10-EEE456965AB3}.Debug|x64.ActiveCfg = Debug|Any CPU
		{DB9AD210-51C1-4339-8B10-EEE456965AB3}.Debug|x64.Build.0 = Debug|Any CPU
		{DB9AD210-51C1-4339-8B10-EEE456965AB3}.Debug|x86.ActiveCfg = Debug|Any CPU
		{DB9AD210-51C1-4339-8B10-EEE456965AB3}.Debug|x86.Build.0 = Debug|Any CPU
		{DB9AD210-51C1-4339-8B10-EEE456965AB3}.Release|Any CPU.ActiveCfg = Release|Any CPU
		{DB9AD210-51C1-4339-8B10-EEE456965AB3}.Release|Any CPU.Build.0 = Release|Any CPU
		{DB9AD210-51C1-4339-8B10-EEE456965AB3}.Release|ARM.ActiveCfg = Release|Any CPU
		{DB9AD210-51C1-4339-8B10-EEE456965AB3}.Release|ARM.Build.0 = Release|Any CPU
		{DB9AD210-51C1-4339-8B10-EEE456965AB3}.Release|x64.ActiveCfg = Release|Any CPU
		{DB9AD210-51C1-4339-8B10-EEE456965AB3}.Release|x64.Build.0 = Release|Any CPU
		{DB9AD210-51C1-4339-8B10-EEE456965AB3}.Release|x86.ActiveCfg = Release|Any CPU
		{DB9AD210-51C1-4339-8B10-EEE456965AB3}.Release|x86.Build.0 = Release|Any CPU
		{DB482FB7-5052-4697-B7C8-9FDD610B7677}.Debug|Any CPU.ActiveCfg = Debug|Any CPU
		{DB482FB7-5052-4697-B7C8-9FDD610B7677}.Debug|Any CPU.Build.0 = Debug|Any CPU
		{DB482FB7-5052-4697-B7C8-9FDD610B7677}.Debug|ARM.ActiveCfg = Debug|Any CPU
		{DB482FB7-5052-4697-B7C8-9FDD610B7677}.Debug|ARM.Build.0 = Debug|Any CPU
		{DB482FB7-5052-4697-B7C8-9FDD610B7677}.Debug|x64.ActiveCfg = Debug|Any CPU
		{DB482FB7-5052-4697-B7C8-9FDD610B7677}.Debug|x64.Build.0 = Debug|Any CPU
		{DB482FB7-5052-4697-B7C8-9FDD610B7677}.Debug|x86.ActiveCfg = Debug|Any CPU
		{DB482FB7-5052-4697-B7C8-9FDD610B7677}.Debug|x86.Build.0 = Debug|Any CPU
		{DB482FB7-5052-4697-B7C8-9FDD610B7677}.Release|Any CPU.ActiveCfg = Release|Any CPU
		{DB482FB7-5052-4697-B7C8-9FDD610B7677}.Release|Any CPU.Build.0 = Release|Any CPU
		{DB482FB7-5052-4697-B7C8-9FDD610B7677}.Release|ARM.ActiveCfg = Release|Any CPU
		{DB482FB7-5052-4697-B7C8-9FDD610B7677}.Release|ARM.Build.0 = Release|Any CPU
		{DB482FB7-5052-4697-B7C8-9FDD610B7677}.Release|x64.ActiveCfg = Release|Any CPU
		{DB482FB7-5052-4697-B7C8-9FDD610B7677}.Release|x64.Build.0 = Release|Any CPU
		{DB482FB7-5052-4697-B7C8-9FDD610B7677}.Release|x86.ActiveCfg = Release|Any CPU
		{DB482FB7-5052-4697-B7C8-9FDD610B7677}.Release|x86.Build.0 = Release|Any CPU
		{FCDF70C5-D26A-49BE-AAFF-D7D88766A085}.Debug|Any CPU.ActiveCfg = Debug|Any CPU
		{FCDF70C5-D26A-49BE-AAFF-D7D88766A085}.Debug|Any CPU.Build.0 = Debug|Any CPU
		{FCDF70C5-D26A-49BE-AAFF-D7D88766A085}.Debug|ARM.ActiveCfg = Debug|Any CPU
		{FCDF70C5-D26A-49BE-AAFF-D7D88766A085}.Debug|ARM.Build.0 = Debug|Any CPU
		{FCDF70C5-D26A-49BE-AAFF-D7D88766A085}.Debug|x64.ActiveCfg = Debug|Any CPU
		{FCDF70C5-D26A-49BE-AAFF-D7D88766A085}.Debug|x64.Build.0 = Debug|Any CPU
		{FCDF70C5-D26A-49BE-AAFF-D7D88766A085}.Debug|x86.ActiveCfg = Debug|Any CPU
		{FCDF70C5-D26A-49BE-AAFF-D7D88766A085}.Debug|x86.Build.0 = Debug|Any CPU
		{FCDF70C5-D26A-49BE-AAFF-D7D88766A085}.Release|Any CPU.ActiveCfg = Release|Any CPU
		{FCDF70C5-D26A-49BE-AAFF-D7D88766A085}.Release|Any CPU.Build.0 = Release|Any CPU
		{FCDF70C5-D26A-49BE-AAFF-D7D88766A085}.Release|ARM.ActiveCfg = Release|Any CPU
		{FCDF70C5-D26A-49BE-AAFF-D7D88766A085}.Release|ARM.Build.0 = Release|Any CPU
		{FCDF70C5-D26A-49BE-AAFF-D7D88766A085}.Release|x64.ActiveCfg = Release|Any CPU
		{FCDF70C5-D26A-49BE-AAFF-D7D88766A085}.Release|x64.Build.0 = Release|Any CPU
		{FCDF70C5-D26A-49BE-AAFF-D7D88766A085}.Release|x86.ActiveCfg = Release|Any CPU
		{FCDF70C5-D26A-49BE-AAFF-D7D88766A085}.Release|x86.Build.0 = Release|Any CPU
		{48A6DB19-AD93-49EC-AF5C-2AFDBC919EBC}.Debug|Any CPU.ActiveCfg = Debug|Any CPU
		{48A6DB19-AD93-49EC-AF5C-2AFDBC919EBC}.Debug|Any CPU.Build.0 = Debug|Any CPU
		{48A6DB19-AD93-49EC-AF5C-2AFDBC919EBC}.Debug|ARM.ActiveCfg = Debug|Any CPU
		{48A6DB19-AD93-49EC-AF5C-2AFDBC919EBC}.Debug|ARM.Build.0 = Debug|Any CPU
		{48A6DB19-AD93-49EC-AF5C-2AFDBC919EBC}.Debug|x64.ActiveCfg = Debug|Any CPU
		{48A6DB19-AD93-49EC-AF5C-2AFDBC919EBC}.Debug|x64.Build.0 = Debug|Any CPU
		{48A6DB19-AD93-49EC-AF5C-2AFDBC919EBC}.Debug|x86.ActiveCfg = Debug|Any CPU
		{48A6DB19-AD93-49EC-AF5C-2AFDBC919EBC}.Debug|x86.Build.0 = Debug|Any CPU
		{48A6DB19-AD93-49EC-AF5C-2AFDBC919EBC}.Release|Any CPU.ActiveCfg = Release|Any CPU
		{48A6DB19-AD93-49EC-AF5C-2AFDBC919EBC}.Release|Any CPU.Build.0 = Release|Any CPU
		{48A6DB19-AD93-49EC-AF5C-2AFDBC919EBC}.Release|ARM.ActiveCfg = Release|Any CPU
		{48A6DB19-AD93-49EC-AF5C-2AFDBC919EBC}.Release|ARM.Build.0 = Release|Any CPU
		{48A6DB19-AD93-49EC-AF5C-2AFDBC919EBC}.Release|x64.ActiveCfg = Release|Any CPU
		{48A6DB19-AD93-49EC-AF5C-2AFDBC919EBC}.Release|x64.Build.0 = Release|Any CPU
		{48A6DB19-AD93-49EC-AF5C-2AFDBC919EBC}.Release|x86.ActiveCfg = Release|Any CPU
		{48A6DB19-AD93-49EC-AF5C-2AFDBC919EBC}.Release|x86.Build.0 = Release|Any CPU
		{2FB766B2-69CE-4784-BE33-38D3398EADFF}.Debug|Any CPU.ActiveCfg = Debug|Any CPU
		{2FB766B2-69CE-4784-BE33-38D3398EADFF}.Debug|Any CPU.Build.0 = Debug|Any CPU
		{2FB766B2-69CE-4784-BE33-38D3398EADFF}.Debug|ARM.ActiveCfg = Debug|Any CPU
		{2FB766B2-69CE-4784-BE33-38D3398EADFF}.Debug|ARM.Build.0 = Debug|Any CPU
		{2FB766B2-69CE-4784-BE33-38D3398EADFF}.Debug|x64.ActiveCfg = Debug|Any CPU
		{2FB766B2-69CE-4784-BE33-38D3398EADFF}.Debug|x64.Build.0 = Debug|Any CPU
		{2FB766B2-69CE-4784-BE33-38D3398EADFF}.Debug|x86.ActiveCfg = Debug|Any CPU
		{2FB766B2-69CE-4784-BE33-38D3398EADFF}.Debug|x86.Build.0 = Debug|Any CPU
		{2FB766B2-69CE-4784-BE33-38D3398EADFF}.Release|Any CPU.ActiveCfg = Release|Any CPU
		{2FB766B2-69CE-4784-BE33-38D3398EADFF}.Release|Any CPU.Build.0 = Release|Any CPU
		{2FB766B2-69CE-4784-BE33-38D3398EADFF}.Release|ARM.ActiveCfg = Release|Any CPU
		{2FB766B2-69CE-4784-BE33-38D3398EADFF}.Release|ARM.Build.0 = Release|Any CPU
		{2FB766B2-69CE-4784-BE33-38D3398EADFF}.Release|x64.ActiveCfg = Release|Any CPU
		{2FB766B2-69CE-4784-BE33-38D3398EADFF}.Release|x64.Build.0 = Release|Any CPU
		{2FB766B2-69CE-4784-BE33-38D3398EADFF}.Release|x86.ActiveCfg = Release|Any CPU
		{2FB766B2-69CE-4784-BE33-38D3398EADFF}.Release|x86.Build.0 = Release|Any CPU
		{5F5DC510-81C3-482D-95B5-FCDE8947AC43}.Debug|Any CPU.ActiveCfg = Debug|Any CPU
		{5F5DC510-81C3-482D-95B5-FCDE8947AC43}.Debug|Any CPU.Build.0 = Debug|Any CPU
		{5F5DC510-81C3-482D-95B5-FCDE8947AC43}.Debug|ARM.ActiveCfg = Debug|Any CPU
		{5F5DC510-81C3-482D-95B5-FCDE8947AC43}.Debug|ARM.Build.0 = Debug|Any CPU
		{5F5DC510-81C3-482D-95B5-FCDE8947AC43}.Debug|x64.ActiveCfg = Debug|Any CPU
		{5F5DC510-81C3-482D-95B5-FCDE8947AC43}.Debug|x64.Build.0 = Debug|Any CPU
		{5F5DC510-81C3-482D-95B5-FCDE8947AC43}.Debug|x86.ActiveCfg = Debug|Any CPU
		{5F5DC510-81C3-482D-95B5-FCDE8947AC43}.Debug|x86.Build.0 = Debug|Any CPU
		{5F5DC510-81C3-482D-95B5-FCDE8947AC43}.Release|Any CPU.ActiveCfg = Release|Any CPU
		{5F5DC510-81C3-482D-95B5-FCDE8947AC43}.Release|Any CPU.Build.0 = Release|Any CPU
		{5F5DC510-81C3-482D-95B5-FCDE8947AC43}.Release|ARM.ActiveCfg = Release|Any CPU
		{5F5DC510-81C3-482D-95B5-FCDE8947AC43}.Release|ARM.Build.0 = Release|Any CPU
		{5F5DC510-81C3-482D-95B5-FCDE8947AC43}.Release|x64.ActiveCfg = Release|Any CPU
		{5F5DC510-81C3-482D-95B5-FCDE8947AC43}.Release|x64.Build.0 = Release|Any CPU
		{5F5DC510-81C3-482D-95B5-FCDE8947AC43}.Release|x86.ActiveCfg = Release|Any CPU
		{5F5DC510-81C3-482D-95B5-FCDE8947AC43}.Release|x86.Build.0 = Release|Any CPU
		{510869AF-D160-4561-98FD-FC2BE69FDF40}.Debug|Any CPU.ActiveCfg = Debug|Any CPU
		{510869AF-D160-4561-98FD-FC2BE69FDF40}.Debug|Any CPU.Build.0 = Debug|Any CPU
		{510869AF-D160-4561-98FD-FC2BE69FDF40}.Debug|ARM.ActiveCfg = Debug|Any CPU
		{510869AF-D160-4561-98FD-FC2BE69FDF40}.Debug|ARM.Build.0 = Debug|Any CPU
		{510869AF-D160-4561-98FD-FC2BE69FDF40}.Debug|x64.ActiveCfg = Debug|Any CPU
		{510869AF-D160-4561-98FD-FC2BE69FDF40}.Debug|x64.Build.0 = Debug|Any CPU
		{510869AF-D160-4561-98FD-FC2BE69FDF40}.Debug|x86.ActiveCfg = Debug|Any CPU
		{510869AF-D160-4561-98FD-FC2BE69FDF40}.Debug|x86.Build.0 = Debug|Any CPU
		{510869AF-D160-4561-98FD-FC2BE69FDF40}.Release|Any CPU.ActiveCfg = Release|Any CPU
		{510869AF-D160-4561-98FD-FC2BE69FDF40}.Release|Any CPU.Build.0 = Release|Any CPU
		{510869AF-D160-4561-98FD-FC2BE69FDF40}.Release|ARM.ActiveCfg = Release|Any CPU
		{510869AF-D160-4561-98FD-FC2BE69FDF40}.Release|ARM.Build.0 = Release|Any CPU
		{510869AF-D160-4561-98FD-FC2BE69FDF40}.Release|x64.ActiveCfg = Release|Any CPU
		{510869AF-D160-4561-98FD-FC2BE69FDF40}.Release|x64.Build.0 = Release|Any CPU
		{510869AF-D160-4561-98FD-FC2BE69FDF40}.Release|x86.ActiveCfg = Release|Any CPU
		{510869AF-D160-4561-98FD-FC2BE69FDF40}.Release|x86.Build.0 = Release|Any CPU
	EndGlobalSection
	GlobalSection(SolutionProperties) = preSolution
		HideSolutionNode = FALSE
	EndGlobalSection
	GlobalSection(NestedProjects) = preSolution
		{42538D5A-0E92-4CFB-8525-352325F698E2} = {AEAA7FD5-CBA7-4B64-A4A9-11ABD5A809DC}
		{2FE24974-4BD4-47CF-893A-0A798D4A52F2} = {AEAA7FD5-CBA7-4B64-A4A9-11ABD5A809DC}
		{22AFD33A-F918-44E6-ACCF-5BB8D8A17CFA} = {AEAA7FD5-CBA7-4B64-A4A9-11ABD5A809DC}
		{C0D34A32-89B3-48A0-92B1-7FFA39942421} = {AEAA7FD5-CBA7-4B64-A4A9-11ABD5A809DC}
		{D7F52428-1143-4B7E-A2C0-EDA3428A6FA7} = {AEAA7FD5-CBA7-4B64-A4A9-11ABD5A809DC}
		{D6632387-777F-4FC4-AD81-02A34363506D} = {FC14F117-BC25-498B-97DF-6F78EEEC59C4}
		{9F6293CD-1731-4C92-AA96-75E6F23E0E13} = {FC14F117-BC25-498B-97DF-6F78EEEC59C4}
		{A2FF34B9-E14A-4237-AEAC-24F08C255E5D} = {FC14F117-BC25-498B-97DF-6F78EEEC59C4}
		{E62AAA6C-21C7-4447-88AC-4ABB2392E3C0} = {42538D5A-0E92-4CFB-8525-352325F698E2}
		{44EF8020-A66D-49C6-BFC9-3AF1F3F91A3C} = {42538D5A-0E92-4CFB-8525-352325F698E2}
		{AC6DB8B3-7770-4157-B3E1-AA2BEE5D7E2A} = {42538D5A-0E92-4CFB-8525-352325F698E2}
		{CE2B82D7-193E-482F-BDB6-965B102B9E5C} = {42538D5A-0E92-4CFB-8525-352325F698E2}
		{DB9AD210-51C1-4339-8B10-EEE456965AB3} = {42538D5A-0E92-4CFB-8525-352325F698E2}
		{FCDF70C5-D26A-49BE-AAFF-D7D88766A085} = {FC14F117-BC25-498B-97DF-6F78EEEC59C4}
		{674A5847-FAA2-4D2C-A516-B548395D8B81} = {42538D5A-0E92-4CFB-8525-352325F698E2}
		{5F5DC510-81C3-482D-95B5-FCDE8947AC43} = {674A5847-FAA2-4D2C-A516-B548395D8B81}
		{510869AF-D160-4561-98FD-FC2BE69FDF40} = {674A5847-FAA2-4D2C-A516-B548395D8B81}
	EndGlobalSection
	GlobalSection(ExtensibilityGlobals) = postSolution
		SolutionGuid = {DBDF7742-A52F-4EF8-8B6A-DA0D1C2FE33E}
	EndGlobalSection
EndGlobal
